// !$*UTF8*$!
{
	archiveVersion = 1;
	classes = {
	};
	objectVersion = 46;
	objects = {

/* Begin PBXBuildFile section */
		52ECB1551EEB375300D660C0 /* AppDelegate.swift in Sources */ = {isa = PBXBuildFile; fileRef = 52ECB1541EEB375300D660C0 /* AppDelegate.swift */; };
		52ECB15A1EEB375300D660C0 /* Main.storyboard in Resources */ = {isa = PBXBuildFile; fileRef = 52ECB1581EEB375300D660C0 /* Main.storyboard */; };
		52ECB15C1EEB375300D660C0 /* Assets.xcassets in Resources */ = {isa = PBXBuildFile; fileRef = 52ECB15B1EEB375300D660C0 /* Assets.xcassets */; };
		52ECB15F1EEB375300D660C0 /* LaunchScreen.storyboard in Resources */ = {isa = PBXBuildFile; fileRef = 52ECB15D1EEB375300D660C0 /* LaunchScreen.storyboard */; };
		52ECB1671EEB469000D660C0 /* reddift_config.json in Resources */ = {isa = PBXBuildFile; fileRef = 52ECB1661EEB469000D660C0 /* reddift_config.json */; };
		52ECB1691EEB5D2200D660C0 /* FactCollectionVC.swift in Sources */ = {isa = PBXBuildFile; fileRef = 52ECB1681EEB5D2200D660C0 /* FactCollectionVC.swift */; };
		52ECB16B1EEB5DF300D660C0 /* FactService.swift in Sources */ = {isa = PBXBuildFile; fileRef = 52ECB16A1EEB5DF300D660C0 /* FactService.swift */; };
		52ECB16F1EEB71A200D660C0 /* FactCVCell.swift in Sources */ = {isa = PBXBuildFile; fileRef = 52ECB16E1EEB71A200D660C0 /* FactCVCell.swift */; };
		52ECB1711EEB77C500D660C0 /* GradientView.swift in Sources */ = {isa = PBXBuildFile; fileRef = 52ECB1701EEB77C500D660C0 /* GradientView.swift */; };
		52ECB1731EEB7EB500D660C0 /* UIView+FactFeed.swift in Sources */ = {isa = PBXBuildFile; fileRef = 52ECB1721EEB7EB500D660C0 /* UIView+FactFeed.swift */; };
		B1FF5E96B717CF7AB9125B33 /* Pods_FactFeed.framework in Frameworks */ = {isa = PBXBuildFile; fileRef = F938139E58223E9DE875F12E /* Pods_FactFeed.framework */; };
/* End PBXBuildFile section */

/* Begin PBXFileReference section */
		47774B903935EC1BA0C957A7 /* Pods-FactFeed.release.xcconfig */ = {isa = PBXFileReference; includeInIndex = 1; lastKnownFileType = text.xcconfig; name = "Pods-FactFeed.release.xcconfig"; path = "Pods/Target Support Files/Pods-FactFeed/Pods-FactFeed.release.xcconfig"; sourceTree = "<group>"; };
		52ECB1511EEB375300D660C0 /* FactFeed.app */ = {isa = PBXFileReference; explicitFileType = wrapper.application; includeInIndex = 0; path = FactFeed.app; sourceTree = BUILT_PRODUCTS_DIR; };
		52ECB1541EEB375300D660C0 /* AppDelegate.swift */ = {isa = PBXFileReference; lastKnownFileType = sourcecode.swift; path = AppDelegate.swift; sourceTree = "<group>"; };
		52ECB1591EEB375300D660C0 /* Base */ = {isa = PBXFileReference; lastKnownFileType = file.storyboard; name = Base; path = Base.lproj/Main.storyboard; sourceTree = "<group>"; };
		52ECB15B1EEB375300D660C0 /* Assets.xcassets */ = {isa = PBXFileReference; lastKnownFileType = folder.assetcatalog; path = Assets.xcassets; sourceTree = "<group>"; };
		52ECB15E1EEB375300D660C0 /* Base */ = {isa = PBXFileReference; lastKnownFileType = file.storyboard; name = Base; path = Base.lproj/LaunchScreen.storyboard; sourceTree = "<group>"; };
		52ECB1601EEB375300D660C0 /* Info.plist */ = {isa = PBXFileReference; lastKnownFileType = text.plist.xml; path = Info.plist; sourceTree = "<group>"; };
		52ECB1661EEB469000D660C0 /* reddift_config.json */ = {isa = PBXFileReference; fileEncoding = 4; lastKnownFileType = text.json; path = reddift_config.json; sourceTree = "<group>"; };
		52ECB1681EEB5D2200D660C0 /* FactCollectionVC.swift */ = {isa = PBXFileReference; fileEncoding = 4; lastKnownFileType = sourcecode.swift; path = FactCollectionVC.swift; sourceTree = "<group>"; };
		52ECB16A1EEB5DF300D660C0 /* FactService.swift */ = {isa = PBXFileReference; fileEncoding = 4; lastKnownFileType = sourcecode.swift; path = FactService.swift; sourceTree = "<group>"; };
		52ECB16E1EEB71A200D660C0 /* FactCVCell.swift */ = {isa = PBXFileReference; fileEncoding = 4; lastKnownFileType = sourcecode.swift; path = FactCVCell.swift; sourceTree = "<group>"; };
		52ECB1701EEB77C500D660C0 /* GradientView.swift */ = {isa = PBXFileReference; fileEncoding = 4; lastKnownFileType = sourcecode.swift; path = GradientView.swift; sourceTree = "<group>"; };
		52ECB1721EEB7EB500D660C0 /* UIView+FactFeed.swift */ = {isa = PBXFileReference; fileEncoding = 4; lastKnownFileType = sourcecode.swift; path = "UIView+FactFeed.swift"; sourceTree = "<group>"; };
		52ECB1741EEB88C100D660C0 /* FactFeed-Bridging-Header.h */ = {isa = PBXFileReference; lastKnownFileType = sourcecode.c.h; path = "FactFeed-Bridging-Header.h"; sourceTree = "<group>"; };
		CF011D6C608C0139894A98FC /* Pods-FactFeed.debug.xcconfig */ = {isa = PBXFileReference; includeInIndex = 1; lastKnownFileType = text.xcconfig; name = "Pods-FactFeed.debug.xcconfig"; path = "Pods/Target Support Files/Pods-FactFeed/Pods-FactFeed.debug.xcconfig"; sourceTree = "<group>"; };
		F938139E58223E9DE875F12E /* Pods_FactFeed.framework */ = {isa = PBXFileReference; explicitFileType = wrapper.framework; includeInIndex = 0; path = Pods_FactFeed.framework; sourceTree = BUILT_PRODUCTS_DIR; };
/* End PBXFileReference section */

/* Begin PBXFrameworksBuildPhase section */
		52ECB14E1EEB375300D660C0 /* Frameworks */ = {
			isa = PBXFrameworksBuildPhase;
			buildActionMask = 2147483647;
			files = (
				B1FF5E96B717CF7AB9125B33 /* Pods_FactFeed.framework in Frameworks */,
			);
			runOnlyForDeploymentPostprocessing = 0;
		};
/* End PBXFrameworksBuildPhase section */

/* Begin PBXGroup section */
		088C13A28F282299E7EE2A12 /* Frameworks */ = {
			isa = PBXGroup;
			children = (
				F938139E58223E9DE875F12E /* Pods_FactFeed.framework */,
			);
			name = Frameworks;
			sourceTree = "<group>";
		};
		52ECB1481EEB375300D660C0 = {
			isa = PBXGroup;
			children = (
				52ECB1531EEB375300D660C0 /* FactFeed */,
				52ECB1521EEB375300D660C0 /* Products */,
				8B3ED995769596E33233BC30 /* Pods */,
				088C13A28F282299E7EE2A12 /* Frameworks */,
			);
			sourceTree = "<group>";
		};
		52ECB1521EEB375300D660C0 /* Products */ = {
			isa = PBXGroup;
			children = (
				52ECB1511EEB375300D660C0 /* FactFeed.app */,
			);
			name = Products;
			sourceTree = "<group>";
		};
		52ECB1531EEB375300D660C0 /* FactFeed */ = {
			isa = PBXGroup;
			children = (
				52ECB1541EEB375300D660C0 /* AppDelegate.swift */,
				52ECB1581EEB375300D660C0 /* Main.storyboard */,
				52ECB15B1EEB375300D660C0 /* Assets.xcassets */,
				52ECB15D1EEB375300D660C0 /* LaunchScreen.storyboard */,
				52ECB1601EEB375300D660C0 /* Info.plist */,
				52ECB1661EEB469000D660C0 /* reddift_config.json */,
				52ECB1681EEB5D2200D660C0 /* FactCollectionVC.swift */,
				52ECB16A1EEB5DF300D660C0 /* FactService.swift */,
				52ECB16E1EEB71A200D660C0 /* FactCVCell.swift */,
				52ECB1701EEB77C500D660C0 /* GradientView.swift */,
				52ECB1721EEB7EB500D660C0 /* UIView+FactFeed.swift */,
				52ECB1741EEB88C100D660C0 /* FactFeed-Bridging-Header.h */,
			);
			path = FactFeed;
			sourceTree = "<group>";
		};
		8B3ED995769596E33233BC30 /* Pods */ = {
			isa = PBXGroup;
			children = (
				CF011D6C608C0139894A98FC /* Pods-FactFeed.debug.xcconfig */,
				47774B903935EC1BA0C957A7 /* Pods-FactFeed.release.xcconfig */,
			);
			name = Pods;
			sourceTree = "<group>";
		};
/* End PBXGroup section */

/* Begin PBXNativeTarget section */
		52ECB1501EEB375300D660C0 /* FactFeed */ = {
			isa = PBXNativeTarget;
			buildConfigurationList = 52ECB1631EEB375300D660C0 /* Build configuration list for PBXNativeTarget "FactFeed" */;
			buildPhases = (
				0E0E09E9621B8CA4E2D01F3E /* [CP] Check Pods Manifest.lock */,
				52ECB14D1EEB375300D660C0 /* Sources */,
				52ECB14E1EEB375300D660C0 /* Frameworks */,
				52ECB14F1EEB375300D660C0 /* Resources */,
				BA4B247F8BE2A91C8821730B /* [CP] Embed Pods Frameworks */,
				60A2BB51F43DB5AF6D1D09A3 /* [CP] Copy Pods Resources */,
			);
			buildRules = (
			);
			dependencies = (
			);
			name = FactFeed;
			productName = FactFeed;
			productReference = 52ECB1511EEB375300D660C0 /* FactFeed.app */;
			productType = "com.apple.product-type.application";
		};
/* End PBXNativeTarget section */

/* Begin PBXProject section */
		52ECB1491EEB375300D660C0 /* Project object */ = {
			isa = PBXProject;
			attributes = {
				LastSwiftUpdateCheck = 0830;
				LastUpgradeCheck = 0830;
				ORGANIZATIONNAME = "Gavin Aiken";
				TargetAttributes = {
					52ECB1501EEB375300D660C0 = {
						CreatedOnToolsVersion = 8.3.2;
						DevelopmentTeam = 5N6WNUCL5S;
						LastSwiftMigration = 0830;
						ProvisioningStyle = Automatic;
					};
				};
			};
			buildConfigurationList = 52ECB14C1EEB375300D660C0 /* Build configuration list for PBXProject "FactFeed" */;
			compatibilityVersion = "Xcode 3.2";
			developmentRegion = English;
			hasScannedForEncodings = 0;
			knownRegions = (
				en,
				Base,
			);
			mainGroup = 52ECB1481EEB375300D660C0;
			productRefGroup = 52ECB1521EEB375300D660C0 /* Products */;
			projectDirPath = "";
			projectRoot = "";
			targets = (
				52ECB1501EEB375300D660C0 /* FactFeed */,
			);
		};
/* End PBXProject section */

/* Begin PBXResourcesBuildPhase section */
		52ECB14F1EEB375300D660C0 /* Resources */ = {
			isa = PBXResourcesBuildPhase;
			buildActionMask = 2147483647;
			files = (
				52ECB15F1EEB375300D660C0 /* LaunchScreen.storyboard in Resources */,
				52ECB15C1EEB375300D660C0 /* Assets.xcassets in Resources */,
				52ECB1671EEB469000D660C0 /* reddift_config.json in Resources */,
				52ECB15A1EEB375300D660C0 /* Main.storyboard in Resources */,
			);
			runOnlyForDeploymentPostprocessing = 0;
		};
/* End PBXResourcesBuildPhase section */

/* Begin PBXShellScriptBuildPhase section */
		0E0E09E9621B8CA4E2D01F3E /* [CP] Check Pods Manifest.lock */ = {
			isa = PBXShellScriptBuildPhase;
			buildActionMask = 2147483647;
			files = (
			);
			inputPaths = (
			);
			name = "[CP] Check Pods Manifest.lock";
			outputPaths = (
			);
			runOnlyForDeploymentPostprocessing = 0;
			shellPath = /bin/sh;
			shellScript = "diff \"${PODS_PODFILE_DIR_PATH}/Podfile.lock\" \"${PODS_ROOT}/Manifest.lock\" > /dev/null\nif [ $? != 0 ] ; then\n    # print error to STDERR\n    echo \"error: The sandbox is not in sync with the Podfile.lock. Run 'pod install' or update your CocoaPods installation.\" >&2\n    exit 1\nfi\n";
			showEnvVarsInLog = 0;
		};
		60A2BB51F43DB5AF6D1D09A3 /* [CP] Copy Pods Resources */ = {
			isa = PBXShellScriptBuildPhase;
			buildActionMask = 2147483647;
			files = (
			);
			inputPaths = (
			);
			name = "[CP] Copy Pods Resources";
			outputPaths = (
			);
			runOnlyForDeploymentPostprocessing = 0;
			shellPath = /bin/sh;
			shellScript = "\"${SRCROOT}/Pods/Target Support Files/Pods-FactFeed/Pods-FactFeed-resources.sh\"\n";
			showEnvVarsInLog = 0;
		};
		BA4B247F8BE2A91C8821730B /* [CP] Embed Pods Frameworks */ = {
			isa = PBXShellScriptBuildPhase;
			buildActionMask = 2147483647;
			files = (
			);
			inputPaths = (
			);
			name = "[CP] Embed Pods Frameworks";
			outputPaths = (
			);
			runOnlyForDeploymentPostprocessing = 0;
			shellPath = /bin/sh;
			shellScript = "\"${SRCROOT}/Pods/Target Support Files/Pods-FactFeed/Pods-FactFeed-frameworks.sh\"\n";
			showEnvVarsInLog = 0;
		};
/* End PBXShellScriptBuildPhase section */

/* Begin PBXSourcesBuildPhase section */
		52ECB14D1EEB375300D660C0 /* Sources */ = {
			isa = PBXSourcesBuildPhase;
			buildActionMask = 2147483647;
			files = (
				52ECB1691EEB5D2200D660C0 /* FactCollectionVC.swift in Sources */,
				52ECB16F1EEB71A200D660C0 /* FactCVCell.swift in Sources */,
				52ECB1731EEB7EB500D660C0 /* UIView+FactFeed.swift in Sources */,
				52ECB1711EEB77C500D660C0 /* GradientView.swift in Sources */,
				52ECB1551EEB375300D660C0 /* AppDelegate.swift in Sources */,
				52ECB16B1EEB5DF300D660C0 /* FactService.swift in Sources */,
			);
			runOnlyForDeploymentPostprocessing = 0;
		};
/* End PBXSourcesBuildPhase section */

/* Begin PBXVariantGroup section */
		52ECB1581EEB375300D660C0 /* Main.storyboard */ = {
			isa = PBXVariantGroup;
			children = (
				52ECB1591EEB375300D660C0 /* Base */,
			);
			name = Main.storyboard;
			sourceTree = "<group>";
		};
		52ECB15D1EEB375300D660C0 /* LaunchScreen.storyboard */ = {
			isa = PBXVariantGroup;
			children = (
				52ECB15E1EEB375300D660C0 /* Base */,
			);
			name = LaunchScreen.storyboard;
			sourceTree = "<group>";
		};
/* End PBXVariantGroup section */

/* Begin XCBuildConfiguration section */
		52ECB1611EEB375300D660C0 /* Debug */ = {
			isa = XCBuildConfiguration;
			buildSettings = {
				ALWAYS_SEARCH_USER_PATHS = NO;
				CLANG_ANALYZER_NONNULL = YES;
				CLANG_ANALYZER_NUMBER_OBJECT_CONVERSION = YES_AGGRESSIVE;
				CLANG_CXX_LANGUAGE_STANDARD = "gnu++0x";
				CLANG_CXX_LIBRARY = "libc++";
				CLANG_ENABLE_MODULES = YES;
				CLANG_ENABLE_OBJC_ARC = YES;
				CLANG_WARN_BOOL_CONVERSION = YES;
				CLANG_WARN_CONSTANT_CONVERSION = YES;
				CLANG_WARN_DIRECT_OBJC_ISA_USAGE = YES_ERROR;
				CLANG_WARN_DOCUMENTATION_COMMENTS = YES;
				CLANG_WARN_EMPTY_BODY = YES;
				CLANG_WARN_ENUM_CONVERSION = YES;
				CLANG_WARN_INFINITE_RECURSION = YES;
				CLANG_WARN_INT_CONVERSION = YES;
				CLANG_WARN_OBJC_ROOT_CLASS = YES_ERROR;
				CLANG_WARN_SUSPICIOUS_MOVE = YES;
				CLANG_WARN_UNREACHABLE_CODE = YES;
				CLANG_WARN__DUPLICATE_METHOD_MATCH = YES;
				"CODE_SIGN_IDENTITY[sdk=iphoneos*]" = "iPhone Developer";
				COPY_PHASE_STRIP = NO;
				DEBUG_INFORMATION_FORMAT = dwarf;
				ENABLE_STRICT_OBJC_MSGSEND = YES;
				ENABLE_TESTABILITY = YES;
				GCC_C_LANGUAGE_STANDARD = gnu99;
				GCC_DYNAMIC_NO_PIC = NO;
				GCC_NO_COMMON_BLOCKS = YES;
				GCC_OPTIMIZATION_LEVEL = 0;
				GCC_PREPROCESSOR_DEFINITIONS = (
					"DEBUG=1",
					"$(inherited)",
				);
				GCC_WARN_64_TO_32_BIT_CONVERSION = YES;
				GCC_WARN_ABOUT_RETURN_TYPE = YES_ERROR;
				GCC_WARN_UNDECLARED_SELECTOR = YES;
				GCC_WARN_UNINITIALIZED_AUTOS = YES_AGGRESSIVE;
				GCC_WARN_UNUSED_FUNCTION = YES;
				GCC_WARN_UNUSED_VARIABLE = YES;
				IPHONEOS_DEPLOYMENT_TARGET = 10.3;
				MTL_ENABLE_DEBUG_INFO = YES;
				ONLY_ACTIVE_ARCH = YES;
				SDKROOT = iphoneos;
				SWIFT_ACTIVE_COMPILATION_CONDITIONS = DEBUG;
				SWIFT_OPTIMIZATION_LEVEL = "-Onone";
				TARGETED_DEVICE_FAMILY = "1,2";
			};
			name = Debug;
		};
		52ECB1621EEB375300D660C0 /* Release */ = {
			isa = XCBuildConfiguration;
			buildSettings = {
				ALWAYS_SEARCH_USER_PATHS = NO;
				CLANG_ANALYZER_NONNULL = YES;
				CLANG_ANALYZER_NUMBER_OBJECT_CONVERSION = YES_AGGRESSIVE;
				CLANG_CXX_LANGUAGE_STANDARD = "gnu++0x";
				CLANG_CXX_LIBRARY = "libc++";
				CLANG_ENABLE_MODULES = YES;
				CLANG_ENABLE_OBJC_ARC = YES;
				CLANG_WARN_BOOL_CONVERSION = YES;
				CLANG_WARN_CONSTANT_CONVERSION = YES;
				CLANG_WARN_DIRECT_OBJC_ISA_USAGE = YES_ERROR;
				CLANG_WARN_DOCUMENTATION_COMMENTS = YES;
				CLANG_WARN_EMPTY_BODY = YES;
				CLANG_WARN_ENUM_CONVERSION = YES;
				CLANG_WARN_INFINITE_RECURSION = YES;
				CLANG_WARN_INT_CONVERSION = YES;
				CLANG_WARN_OBJC_ROOT_CLASS = YES_ERROR;
				CLANG_WARN_SUSPICIOUS_MOVE = YES;
				CLANG_WARN_UNREACHABLE_CODE = YES;
				CLANG_WARN__DUPLICATE_METHOD_MATCH = YES;
				"CODE_SIGN_IDENTITY[sdk=iphoneos*]" = "iPhone Developer";
				COPY_PHASE_STRIP = NO;
				DEBUG_INFORMATION_FORMAT = "dwarf-with-dsym";
				ENABLE_NS_ASSERTIONS = NO;
				ENABLE_STRICT_OBJC_MSGSEND = YES;
				GCC_C_LANGUAGE_STANDARD = gnu99;
				GCC_NO_COMMON_BLOCKS = YES;
				GCC_WARN_64_TO_32_BIT_CONVERSION = YES;
				GCC_WARN_ABOUT_RETURN_TYPE = YES_ERROR;
				GCC_WARN_UNDECLARED_SELECTOR = YES;
				GCC_WARN_UNINITIALIZED_AUTOS = YES_AGGRESSIVE;
				GCC_WARN_UNUSED_FUNCTION = YES;
				GCC_WARN_UNUSED_VARIABLE = YES;
				IPHONEOS_DEPLOYMENT_TARGET = 10.3;
				MTL_ENABLE_DEBUG_INFO = NO;
				SDKROOT = iphoneos;
				SWIFT_OPTIMIZATION_LEVEL = "-Owholemodule";
				TARGETED_DEVICE_FAMILY = "1,2";
				VALIDATE_PRODUCT = YES;
			};
			name = Release;
		};
		52ECB1641EEB375300D660C0 /* Debug */ = {
			isa = XCBuildConfiguration;
			baseConfigurationReference = CF011D6C608C0139894A98FC /* Pods-FactFeed.debug.xcconfig */;
			buildSettings = {
				ASSETCATALOG_COMPILER_APPICON_NAME = AppIcon;
				CLANG_ENABLE_MODULES = YES;
				DEVELOPMENT_TEAM = 5N6WNUCL5S;
				INFOPLIST_FILE = FactFeed/Info.plist;
				LD_RUNPATH_SEARCH_PATHS = "$(inherited) @executable_path/Frameworks";
				PRODUCT_BUNDLE_IDENTIFIER = io.gav.FactFeed;
				PRODUCT_NAME = "$(TARGET_NAME)";
				SWIFT_OBJC_BRIDGING_HEADER = "FactFeed/FactFeed-Bridging-Header.h";
				SWIFT_OPTIMIZATION_LEVEL = "-Onone";
				SWIFT_VERSION = 3.0;
			};
			name = Debug;
		};
		52ECB1651EEB375300D660C0 /* Release */ = {
			isa = XCBuildConfiguration;
			baseConfigurationReference = 47774B903935EC1BA0C957A7 /* Pods-FactFeed.release.xcconfig */;
			buildSettings = {
				ASSETCATALOG_COMPILER_APPICON_NAME = AppIcon;
				CLANG_ENABLE_MODULES = YES;
				DEVELOPMENT_TEAM = 5N6WNUCL5S;
				INFOPLIST_FILE = FactFeed/Info.plist;
				LD_RUNPATH_SEARCH_PATHS = "$(inherited) @executable_path/Frameworks";
				PRODUCT_BUNDLE_IDENTIFIER = io.gav.FactFeed;
				PRODUCT_NAME = "$(TARGET_NAME)";
				SWIFT_OBJC_BRIDGING_HEADER = "FactFeed/FactFeed-Bridging-Header.h";
				SWIFT_VERSION = 3.0;
			};
			name = Release;
		};
/* End XCBuildConfiguration section */

/* Begin XCConfigurationList section */
		52ECB14C1EEB375300D660C0 /* Build configuration list for PBXProject "FactFeed" */ = {
			isa = XCConfigurationList;
			buildConfigurations = (
				52ECB1611EEB375300D660C0 /* Debug */,
				52ECB1621EEB375300D660C0 /* Release */,
			);
			defaultConfigurationIsVisible = 0;
			defaultConfigurationName = Release;
		};
		52ECB1631EEB375300D660C0 /* Build configuration list for PBXNativeTarget "FactFeed" */ = {
			isa = XCConfigurationList;
			buildConfigurations = (
				52ECB1641EEB375300D660C0 /* Debug */,
				52ECB1651EEB375300D660C0 /* Release */,
			);
			defaultConfigurationIsVisible = 0;
			defaultConfigurationName = Release;
		};
/* End XCConfigurationList section */
	};
	rootObject = 52ECB1491EEB375300D660C0 /* Project object */;
}
